
Microsoft Visual Studio Solution File, Format Version 12.00
# Visual Studio 15
Project("{FAE04EC0-301F-11D3-BF4B-00C04F79EFBC}") = "Assembly-CSharp", "Assembly-CSharp.csproj", "{ABBC7B21-8F67-AFDD-B609-29831D5380BC}"
EndProject
Project("{FAE04EC0-301F-11D3-BF4B-00C04F79EFBC}") = "Assembly-CSharp-Editor", "Assembly-CSharp-Editor.csproj", "{66D686C1-717F-7BC1-DFF8-6940343103B1}"
EndProject
Global
	GlobalSection(SolutionConfigurationPlatforms) = preSolution
		Debug|Any CPU = Debug|Any CPU
		Release|Any CPU = Release|Any CPU
	EndGlobalSection
	GlobalSection(ProjectConfigurationPlatforms) = postSolution
		{ABBC7B21-8F67-AFDD-B609-29831D5380BC}.Debug|Any CPU.ActiveCfg = Debug|Any CPU
		{ABBC7B21-8F67-AFDD-B609-29831D5380BC}.Debug|Any CPU.Build.0 = Debug|Any CPU
		{ABBC7B21-8F67-AFDD-B609-29831D5380BC}.Release|Any CPU.ActiveCfg = Release|Any CPU
		{ABBC7B21-8F67-AFDD-B609-29831D5380BC}.Release|Any CPU.Build.0 = Release|Any CPU
		{66D686C1-717F-7BC1-DFF8-6940343103B1}.Debug|Any CPU.ActiveCfg = Debug|Any CPU
		{66D686C1-717F-7BC1-DFF8-6940343103B1}.Debug|Any CPU.Build.0 = Debug|Any CPU
		{66D686C1-717F-7BC1-DFF8-6940343103B1}.Release|Any CPU.ActiveCfg = Release|Any CPU
		{66D686C1-717F-7BC1-DFF8-6940343103B1}.Release|Any CPU.Build.0 = Release|Any CPU
	EndGlobalSection
	GlobalSection(SolutionProperties) = preSolution
		HideSolutionNode = FALSE
	EndGlobalSection
EndGlobal
